
Microsoft Visual Studio Solution File, Format Version 12.00
# Visual Studio Version 16
VisualStudioVersion = 16.0.31424.327
MinimumVisualStudioVersion = 10.0.40219.1
Project("{2150E333-8FDC-42A3-9474-1A3956D46DE8}") = "WebServices", "WebServices", "{CF5D26B1-9DD8-40DE-A80F-362BA1B6B939}"
EndProject
Project("{9A19103F-16F7-4668-BE54-9A1E7A4F7556}") = "Model", "Model\Model.csproj", "{5CDFBF8B-A5EB-409E-BFEB-EA89A948D99E}"
EndProject
Project("{2150E333-8FDC-42A3-9474-1A3956D46DE8}") = "Backend", "Backend", "{F0593845-FBCF-4126-83DA-498364A3FFB4}"
EndProject
Project("{9A19103F-16F7-4668-BE54-9A1E7A4F7556}") = "Domain", "Domain\Domain.csproj", "{77CB713A-3006-4645-A2B9-41B8BE461C3F}"
EndProject
Project("{9A19103F-16F7-4668-BE54-9A1E7A4F7556}") = "Infraestructure", "Infraestructure\Infraestructure.csproj", "{99D56875-B919-434F-B2B0-657821AF1312}"
EndProject
Project("{9A19103F-16F7-4668-BE54-9A1E7A4F7556}") = "Service", "Service\Service.csproj", "{ED9698A4-CC07-4474-BCA0-3A6804E2B68B}"
EndProject
Project("{2150E333-8FDC-42A3-9474-1A3956D46DE8}") = "SolutionItems", "SolutionItems", "{CAAFB35B-51B7-4C0E-85C0-7A22A4761DE5}"
EndProject
Project("{9A19103F-16F7-4668-BE54-9A1E7A4F7556}") = "Common", "Common\Common.csproj", "{55EEC956-36A7-49D4-BB73-7AC8101DF65E}"
EndProject
Project("{9A19103F-16F7-4668-BE54-9A1E7A4F7556}") = "Common.AspNetCore", "Common.AspNetCore\Common.AspNetCore.csproj", "{D40A9C42-D844-4D01-A033-6B65D29DC5C4}"
EndProject
Project("{FAE04EC0-301F-11D3-BF4B-00C04F79EFBC}") = "ConsejerasParesAPI", "ConsejerasParesAPI\ConsejerasParesAPI.csproj", "{601633ED-0B95-4748-A26F-B9103E819E03}"
EndProject
Global
	GlobalSection(SolutionConfigurationPlatforms) = preSolution
		Debug|Any CPU = Debug|Any CPU
		Release|Any CPU = Release|Any CPU
	EndGlobalSection
	GlobalSection(ProjectConfigurationPlatforms) = postSolution
		{5CDFBF8B-A5EB-409E-BFEB-EA89A948D99E}.Debug|Any CPU.ActiveCfg = Debug|Any CPU
		{5CDFBF8B-A5EB-409E-BFEB-EA89A948D99E}.Debug|Any CPU.Build.0 = Debug|Any CPU
		{5CDFBF8B-A5EB-409E-BFEB-EA89A948D99E}.Release|Any CPU.ActiveCfg = Release|Any CPU
		{5CDFBF8B-A5EB-409E-BFEB-EA89A948D99E}.Release|Any CPU.Build.0 = Release|Any CPU
		{77CB713A-3006-4645-A2B9-41B8BE461C3F}.Debug|Any CPU.ActiveCfg = Debug|Any CPU
		{77CB713A-3006-4645-A2B9-41B8BE461C3F}.Debug|Any CPU.Build.0 = Debug|Any CPU
		{77CB713A-3006-4645-A2B9-41B8BE461C3F}.Release|Any CPU.ActiveCfg = Release|Any CPU
		{77CB713A-3006-4645-A2B9-41B8BE461C3F}.Release|Any CPU.Build.0 = Release|Any CPU
		{99D56875-B919-434F-B2B0-657821AF1312}.Debug|Any CPU.ActiveCfg = Debug|Any CPU
		{99D56875-B919-434F-B2B0-657821AF1312}.Debug|Any CPU.Build.0 = Debug|Any CPU
		{99D56875-B919-434F-B2B0-657821AF1312}.Release|Any CPU.ActiveCfg = Release|Any CPU
		{99D56875-B919-434F-B2B0-657821AF1312}.Release|Any CPU.Build.0 = Release|Any CPU
		{ED9698A4-CC07-4474-BCA0-3A6804E2B68B}.Debug|Any CPU.ActiveCfg = Debug|Any CPU
		{ED9698A4-CC07-4474-BCA0-3A6804E2B68B}.Debug|Any CPU.Build.0 = Debug|Any CPU
		{ED9698A4-CC07-4474-BCA0-3A6804E2B68B}.Release|Any CPU.ActiveCfg = Release|Any CPU
		{ED9698A4-CC07-4474-BCA0-3A6804E2B68B}.Release|Any CPU.Build.0 = Release|Any CPU
		{55EEC956-36A7-49D4-BB73-7AC8101DF65E}.Debug|Any CPU.ActiveCfg = Debug|Any CPU
		{55EEC956-36A7-49D4-BB73-7AC8101DF65E}.Debug|Any CPU.Build.0 = Debug|Any CPU
		{55EEC956-36A7-49D4-BB73-7AC8101DF65E}.Release|Any CPU.ActiveCfg = Release|Any CPU
		{55EEC956-36A7-49D4-BB73-7AC8101DF65E}.Release|Any CPU.Build.0 = Release|Any CPU
		{D40A9C42-D844-4D01-A033-6B65D29DC5C4}.Debug|Any CPU.ActiveCfg = Debug|Any CPU
		{D40A9C42-D844-4D01-A033-6B65D29DC5C4}.Debug|Any CPU.Build.0 = Debug|Any CPU
		{D40A9C42-D844-4D01-A033-6B65D29DC5C4}.Release|Any CPU.ActiveCfg = Release|Any CPU
		{D40A9C42-D844-4D01-A033-6B65D29DC5C4}.Release|Any CPU.Build.0 = Release|Any CPU
		{601633ED-0B95-4748-A26F-B9103E819E03}.Debug|Any CPU.ActiveCfg = Debug|Any CPU
		{601633ED-0B95-4748-A26F-B9103E819E03}.Debug|Any CPU.Build.0 = Debug|Any CPU
		{601633ED-0B95-4748-A26F-B9103E819E03}.Release|Any CPU.ActiveCfg = Release|Any CPU
		{601633ED-0B95-4748-A26F-B9103E819E03}.Release|Any CPU.Build.0 = Release|Any CPU
	EndGlobalSection
	GlobalSection(SolutionProperties) = preSolution
		HideSolutionNode = FALSE
	EndGlobalSection
	GlobalSection(NestedProjects) = preSolution
		{5CDFBF8B-A5EB-409E-BFEB-EA89A948D99E} = {CF5D26B1-9DD8-40DE-A80F-362BA1B6B939}
		{77CB713A-3006-4645-A2B9-41B8BE461C3F} = {F0593845-FBCF-4126-83DA-498364A3FFB4}
		{99D56875-B919-434F-B2B0-657821AF1312} = {F0593845-FBCF-4126-83DA-498364A3FFB4}
		{ED9698A4-CC07-4474-BCA0-3A6804E2B68B} = {F0593845-FBCF-4126-83DA-498364A3FFB4}
		{55EEC956-36A7-49D4-BB73-7AC8101DF65E} = {CAAFB35B-51B7-4C0E-85C0-7A22A4761DE5}
		{D40A9C42-D844-4D01-A033-6B65D29DC5C4} = {CAAFB35B-51B7-4C0E-85C0-7A22A4761DE5}
		{601633ED-0B95-4748-A26F-B9103E819E03} = {CF5D26B1-9DD8-40DE-A80F-362BA1B6B939}
	EndGlobalSection
	GlobalSection(ExtensibilityGlobals) = postSolution
		SolutionGuid = {40EC8F53-239A-4348-B4B5-638E06922542}
	EndGlobalSection
EndGlobal
